// !$*UTF8*$!
{
	archiveVersion = 1;
	classes = {
	};
	objectVersion = 42;
	objects = {

/* Begin PBXBuildFile section */
		8D0C4E8D0486CD37000505A6 /* InfoPlist.strings in Resources */ = {isa = PBXBuildFile; fileRef = 0867D6AAFE840B52C02AAC07 /* InfoPlist.strings */; };
		8D0C4E8E0486CD37000505A6 /* main.nib in Resources */ = {isa = PBXBuildFile; fileRef = 02345980000FD03B11CA0E72 /* main.nib */; };
		8D0C4E920486CD37000505A6 /* Carbon.framework in Frameworks */ = {isa = PBXBuildFile; fileRef = 20286C33FDCF999611CA2CEA /* Carbon.framework */; };
		A21BAC8D0C88924800CFF974 /* Pong.cpp in Sources */ = {isa = PBXBuildFile; fileRef = A21BAC8C0C88924800CFF974 /* Pong.cpp */; };
		A21BAC920C88925A00CFF974 /* AGL.framework in Frameworks */ = {isa = PBXBuildFile; fileRef = A21BAC900C88925A00CFF974 /* AGL.framework */; };
		A21BAC930C88925A00CFF974 /* OpenGL.framework in Frameworks */ = {isa = PBXBuildFile; fileRef = A21BAC910C88925A00CFF974 /* OpenGL.framework */; };
		A21BACA40C88932100CFF974 /* OpenAL.framework in Frameworks */ = {isa = PBXBuildFile; fileRef = A21BACA30C88932100CFF974 /* OpenAL.framework */; };
		A21BACAC0C88936100CFF974 /* Ogg.framework in Frameworks */ = {isa = PBXBuildFile; fileRef = A21BACAA0C88936100CFF974 /* Ogg.framework */; };
		A21BACAD0C88936100CFF974 /* Vorbis.framework in Frameworks */ = {isa = PBXBuildFile; fileRef = A21BACAB0C88936100CFF974 /* Vorbis.framework */; };
		A21BACB50C88939200CFF974 /* IOKit.framework in Frameworks */ = {isa = PBXBuildFile; fileRef = A21BACB40C88939200CFF974 /* IOKit.framework */; };
/* End PBXBuildFile section */

/* Begin PBXFileReference section */
		0867D6ABFE840B52C02AAC07 /* English */ = {isa = PBXFileReference; fileEncoding = 10; lastKnownFileType = text.plist.strings; name = English; path = English.lproj/InfoPlist.strings; sourceTree = "<group>"; };
		1870340FFE93FCAF11CA0CD7 /* English */ = {isa = PBXFileReference; lastKnownFileType = wrapper.nib; name = English; path = English.lproj/main.nib; sourceTree = "<group>"; };
		20286C33FDCF999611CA2CEA /* Carbon.framework */ = {isa = PBXFileReference; lastKnownFileType = wrapper.framework; name = Carbon.framework; path = /System/Library/Frameworks/Carbon.framework; sourceTree = "<absolute>"; };
		32DBCF6D0370B57F00C91783 /* pong_Prefix.pch */ = {isa = PBXFileReference; fileEncoding = 4; lastKnownFileType = sourcecode.c.h; path = pong_Prefix.pch; sourceTree = "<group>"; };
		4A9504C8FFE6A3BC11CA0CBA /* ApplicationServices.framework */ = {isa = PBXFileReference; lastKnownFileType = wrapper.framework; name = ApplicationServices.framework; path = /System/Library/Frameworks/ApplicationServices.framework; sourceTree = "<absolute>"; };
		4A9504CAFFE6A41611CA0CBA /* CoreServices.framework */ = {isa = PBXFileReference; lastKnownFileType = wrapper.framework; name = CoreServices.framework; path = /System/Library/Frameworks/CoreServices.framework; sourceTree = "<absolute>"; };
		5048396D09E3307300765E4B /* pongProj.xcconfig */ = {isa = PBXFileReference; fileEncoding = 30; lastKnownFileType = text.xcconfig; path = pongProj.xcconfig; sourceTree = "<group>"; };
		5048396E09E3307300765E4B /* pongTarget.xcconfig */ = {isa = PBXFileReference; fileEncoding = 30; lastKnownFileType = text.xcconfig; path = pongTarget.xcconfig; sourceTree = "<group>"; };
		508344B209E5C41E0093A071 /* Pong Debug.app */ = {isa = PBXFileReference; explicitFileType = wrapper.application; includeInIndex = 0; path = "Pong Debug.app"; sourceTree = BUILT_PRODUCTS_DIR; };
		8D0C4E960486CD37000505A6 /* Info.plist */ = {isa = PBXFileReference; fileEncoding = 4; lastKnownFileType = text.xml; path = Info.plist; sourceTree = "<group>"; };
		A21BAC8C0C88924800CFF974 /* Pong.cpp */ = {isa = PBXFileReference; fileEncoding = 30; lastKnownFileType = sourcecode.cpp.cpp; name = Pong.cpp; path = ../../pong/Pong.cpp; sourceTree = SOURCE_ROOT; };
		A21BAC900C88925A00CFF974 /* AGL.framework */ = {isa = PBXFileReference; lastKnownFileType = wrapper.framework; name = AGL.framework; path = /System/Library/Frameworks/AGL.framework; sourceTree = "<absolute>"; };
		A21BAC910C88925A00CFF974 /* OpenGL.framework */ = {isa = PBXFileReference; lastKnownFileType = wrapper.framework; name = OpenGL.framework; path = /System/Library/Frameworks/OpenGL.framework; sourceTree = "<absolute>"; };
		A21BACA30C88932100CFF974 /* OpenAL.framework */ = {isa = PBXFileReference; lastKnownFileType = wrapper.framework; name = OpenAL.framework; path = /System/Library/Frameworks/OpenAL.framework; sourceTree = "<absolute>"; };
		A21BACAA0C88936100CFF974 /* Ogg.framework */ = {isa = PBXFileReference; lastKnownFileType = wrapper.framework; name = Ogg.framework; path = "../../../extlibs/libs-xcode/Ogg.framework"; sourceTree = SOURCE_ROOT; };
		A21BACAB0C88936100CFF974 /* Vorbis.framework */ = {isa = PBXFileReference; lastKnownFileType = wrapper.framework; name = Vorbis.framework; path = "../../../extlibs/libs-xcode/Vorbis.framework"; sourceTree = SOURCE_ROOT; };
		A21BACB40C88939200CFF974 /* IOKit.framework */ = {isa = PBXFileReference; lastKnownFileType = wrapper.framework; name = IOKit.framework; path = /System/Library/Frameworks/IOKit.framework; sourceTree = "<absolute>"; };
/* End PBXFileReference section */

/* Begin PBXFrameworksBuildPhase section */
		8D0C4E910486CD37000505A6 /* Frameworks */ = {
			isa = PBXFrameworksBuildPhase;
			buildActionMask = 2147483647;
			files = (
				8D0C4E920486CD37000505A6 /* Carbon.framework in Frameworks */,
				A21BAC920C88925A00CFF974 /* AGL.framework in Frameworks */,
				A21BAC930C88925A00CFF974 /* OpenGL.framework in Frameworks */,
				A21BACA40C88932100CFF974 /* OpenAL.framework in Frameworks */,
				A21BACAC0C88936100CFF974 /* Ogg.framework in Frameworks */,
				A21BACAD0C88936100CFF974 /* Vorbis.framework in Frameworks */,
				A21BACB50C88939200CFF974 /* IOKit.framework in Frameworks */,
			);
			runOnlyForDeploymentPostprocessing = 0;
		};
/* End PBXFrameworksBuildPhase section */

/* Begin PBXGroup section */
		195DF8CFFE9D517E11CA2CBB /* Products */ = {
			isa = PBXGroup;
			children = (
				508344B209E5C41E0093A071 /* Pong Debug.app */,
			);
			name = Products;
			sourceTree = "<group>";
		};
		20286C29FDCF999611CA2CEA /* pong */ = {
			isa = PBXGroup;
			children = (
				A21BAC780C8891A600CFF974 /* Headers */,
				20286C2AFDCF999611CA2CEA /* Sources */,
				5048396909E3304600765E4B /* Configuration Files */,
				20286C2CFDCF999611CA2CEA /* Resources */,
				20286C32FDCF999611CA2CEA /* External Frameworks and Libraries */,
				195DF8CFFE9D517E11CA2CBB /* Products */,
			);
			name = pong;
			sourceTree = "<group>";
		};
		20286C2AFDCF999611CA2CEA /* Sources */ = {
			isa = PBXGroup;
			children = (
				A21BAC8C0C88924800CFF974 /* Pong.cpp */,
			);
			name = Sources;
			sourceTree = "<group>";
		};
		20286C2CFDCF999611CA2CEA /* Resources */ = {
			isa = PBXGroup;
			children = (
				8D0C4E960486CD37000505A6 /* Info.plist */,
				0867D6AAFE840B52C02AAC07 /* InfoPlist.strings */,
				02345980000FD03B11CA0E72 /* main.nib */,
			);
			name = Resources;
			sourceTree = "<group>";
		};
		20286C32FDCF999611CA2CEA /* External Frameworks and Libraries */ = {
			isa = PBXGroup;
			children = (
				A21BACB40C88939200CFF974 /* IOKit.framework */,
				A21BACAA0C88936100CFF974 /* Ogg.framework */,
				A21BACAB0C88936100CFF974 /* Vorbis.framework */,
				A21BACA30C88932100CFF974 /* OpenAL.framework */,
				A21BAC900C88925A00CFF974 /* AGL.framework */,
				A21BAC910C88925A00CFF974 /* OpenGL.framework */,
				20286C33FDCF999611CA2CEA /* Carbon.framework */,
				4A9504CAFFE6A41611CA0CBA /* CoreServices.framework */,
				4A9504C8FFE6A3BC11CA0CBA /* ApplicationServices.framework */,
			);
			name = "External Frameworks and Libraries";
			sourceTree = "<group>";
		};
		5048396909E3304600765E4B /* Configuration Files */ = {
			isa = PBXGroup;
			children = (
				5048396D09E3307300765E4B /* pongProj.xcconfig */,
				5048396E09E3307300765E4B /* pongTarget.xcconfig */,
			);
			name = "Configuration Files";
			sourceTree = "<group>";
		};
		A21BAC780C8891A600CFF974 /* Headers */ = {
			isa = PBXGroup;
			children = (
				32DBCF6D0370B57F00C91783 /* pong_Prefix.pch */,
			);
			name = Headers;
			sourceTree = "<group>";
		};
/* End PBXGroup section */

/* Begin PBXNativeTarget section */
		8D0C4E890486CD37000505A6 /* pong */ = {
			isa = PBXNativeTarget;
			buildConfigurationList = C0E91AC508A95435008D54AB /* Build configuration list for PBXNativeTarget "pong" */;
			buildPhases = (
				8D0C4E8C0486CD37000505A6 /* Resources */,
				8D0C4E8F0486CD37000505A6 /* Sources */,
				8D0C4E910486CD37000505A6 /* Frameworks */,
			);
			buildRules = (
			);
			dependencies = (
			);
			name = pong;
			productInstallPath = "$(HOME)/Applications";
			productName = pong;
			productReference = 508344B209E5C41E0093A071 /* Pong Debug.app */;
			productType = "com.apple.product-type.application";
		};
/* End PBXNativeTarget section */

/* Begin PBXProject section */
		20286C28FDCF999611CA2CEA /* Project object */ = {
			isa = PBXProject;
			buildConfigurationList = C0E91AC908A95435008D54AB /* Build configuration list for PBXProject "pong" */;
			hasScannedForEncodings = 1;
			mainGroup = 20286C29FDCF999611CA2CEA /* pong */;
			projectDirPath = "";
			targets = (
				8D0C4E890486CD37000505A6 /* pong */,
			);
		};
/* End PBXProject section */

/* Begin PBXResourcesBuildPhase section */
		8D0C4E8C0486CD37000505A6 /* Resources */ = {
			isa = PBXResourcesBuildPhase;
			buildActionMask = 2147483647;
			files = (
				8D0C4E8D0486CD37000505A6 /* InfoPlist.strings in Resources */,
				8D0C4E8E0486CD37000505A6 /* main.nib in Resources */,
			);
			runOnlyForDeploymentPostprocessing = 0;
		};
/* End PBXResourcesBuildPhase section */

/* Begin PBXSourcesBuildPhase section */
		8D0C4E8F0486CD37000505A6 /* Sources */ = {
			isa = PBXSourcesBuildPhase;
			buildActionMask = 2147483647;
			files = (
				A21BAC8D0C88924800CFF974 /* Pong.cpp in Sources */,
			);
			runOnlyForDeploymentPostprocessing = 0;
		};
/* End PBXSourcesBuildPhase section */

/* Begin PBXVariantGroup section */
		02345980000FD03B11CA0E72 /* main.nib */ = {
			isa = PBXVariantGroup;
			children = (
				1870340FFE93FCAF11CA0CD7 /* English */,
			);
			name = main.nib;
			sourceTree = "<group>";
		};
		0867D6AAFE840B52C02AAC07 /* InfoPlist.strings */ = {
			isa = PBXVariantGroup;
			children = (
				0867D6ABFE840B52C02AAC07 /* English */,
			);
			name = InfoPlist.strings;
			sourceTree = "<group>";
		};
/* End PBXVariantGroup section */

/* Begin XCBuildConfiguration section */
		C0E91AC608A95435008D54AB /* Debug */ = {
			isa = XCBuildConfiguration;
			baseConfigurationReference = 5048396E09E3307300765E4B /* pongTarget.xcconfig */;
			buildSettings = {
				COPY_PHASE_STRIP = NO;
				FRAMEWORK_SEARCH_PATHS = "../../../extlibs/libs-xcode";
				FRAMEWORK_SEARCH_PATHS_QUOTED_1 = "\"$(SRCROOT)/../../../extlibs/libs-xcode\"";
				OTHER_LDFLAGS = (
					"../../../xcode/audio/build/Debug/sfml-audio-d.a",
					"../../../xcode/graphics/build/Debug/sfml-graphics-d.a",
					"../../../xcode/window/build/Debug/sfml-window-d.a",
					"../../../xcode/system/build/Debug/sfml-system-d.a",
				);
				PRODUCT_NAME = "Pong Debug";
				ZERO_LINK = NO;
			};
			name = Debug;
		};
		C0E91AC708A95435008D54AB /* Release */ = {
			isa = XCBuildConfiguration;
			baseConfigurationReference = 5048396E09E3307300765E4B /* pongTarget.xcconfig */;
			buildSettings = {
				DEAD_CODE_STRIPPING = YES;
				FRAMEWORK_SEARCH_PATHS = "../../../extlibs/libs-xcode";
				FRAMEWORK_SEARCH_PATHS_QUOTED_1 = "\"$(SRCROOT)/../../../extlibs/libs-xcode\"";
				INSTALL_PATH = "$(HOME)/Applications";
				OTHER_LDFLAGS = (
					"../../../xcode/audio/build/Release/sfml-audio.a",
					"../../../xcode/graphics/build/Release/sfml-graphics.a",
					"../../../xcode/window/build/Release/sfml-window.a",
					"../../../xcode/system/build/Release/sfml-system.a",
				);
				PRESERVE_DEAD_CODE_INITS_AND_TERMS = YES;
				PRODUCT_NAME = Pong;
			};
			name = Release;
		};
		C0E91ACA08A95435008D54AB /* Debug */ = {
			isa = XCBuildConfiguration;
			baseConfigurationReference = 5048396D09E3307300765E4B /* pongProj.xcconfig */;
			buildSettings = {
				ARCHS = (
					ppc,
					i386,
				);
				DEBUG_INFORMATION_FORMAT = dwarf;
				GCC_ENABLE_FIX_AND_CONTINUE = YES;
				GCC_OPTIMIZATION_LEVEL = 0;
				HEADER_SEARCH_PATHS = ../../../src;
				OTHER_LDFLAGS = "";
				ZERO_LINK = YES;
			};
			name = Debug;
		};
		C0E91ACB08A95435008D54AB /* Release */ = {
			isa = XCBuildConfiguration;
			baseConfigurationReference = 5048396D09E3307300765E4B /* pongProj.xcconfig */;
			buildSettings = {
				ARCHS = (
					ppc,
					i386,
				);
				DEBUG_INFORMATION_FORMAT = "dwarf-with-dsym";
				HEADER_SEARCH_PATHS = ../../../src;
				OTHER_LDFLAGS = "";
				SEPARATE_STRIP = YES;
			};
			name = Release;
		};
/* End XCBuildConfiguration section */

/* Begin XCConfigurationList section */
		C0E91AC508A95435008D54AB /* Build configuration list for PBXNativeTarget "pong" */ = {
			isa = XCConfigurationList;
			buildConfigurations = (
				C0E91AC608A95435008D54AB /* Debug */,
				C0E91AC708A95435008D54AB /* Release */,
			);
			defaultConfigurationIsVisible = 0;
			defaultConfigurationName = Release;
		};
		C0E91AC908A95435008D54AB /* Build configuration list for PBXProject "pong" */ = {
			isa = XCConfigurationList;
			buildConfigurations = (
				C0E91ACA08A95435008D54AB /* Debug */,
				C0E91ACB08A95435008D54AB /* Release */,
			);
			defaultConfigurationIsVisible = 0;
			defaultConfigurationName = Release;
		};
/* End XCConfigurationList section */
	};
	rootObject = 20286C28FDCF999611CA2CEA /* Project object */;
}
