// !$*UTF8*$!
{
	archiveVersion = 1;
	classes = {
	};
	objectVersion = 42;
	objects = {

/* Begin PBXBuildFile section */
		8DD76F6A0486A84900D96B5E /* voip.1 in CopyFiles */ = {isa = PBXBuildFile; fileRef = C6859E8B029090EE04C91782 /* voip.1 */; };
		A21BAD150C88C7BD00CFF974 /* VoIP.cpp in Sources */ = {isa = PBXBuildFile; fileRef = A21BAD130C88C7BD00CFF974 /* VoIP.cpp */; };
		A21BAD160C88C7BD00CFF974 /* Server.cpp in Sources */ = {isa = PBXBuildFile; fileRef = A21BAD140C88C7BD00CFF974 /* Server.cpp */; };
		A21BAD180C88C7C100CFF974 /* Client.cpp in Sources */ = {isa = PBXBuildFile; fileRef = A21BAD170C88C7C100CFF974 /* Client.cpp */; };
		A21BAD1B0C88C7EB00CFF974 /* OpenAL.framework in Frameworks */ = {isa = PBXBuildFile; fileRef = A21BAD1A0C88C7EB00CFF974 /* OpenAL.framework */; };
		A21BAD200C88C7FE00CFF974 /* Ogg.framework in Frameworks */ = {isa = PBXBuildFile; fileRef = A21BAD1E0C88C7FE00CFF974 /* Ogg.framework */; };
		A21BAD210C88C7FE00CFF974 /* Vorbis.framework in Frameworks */ = {isa = PBXBuildFile; fileRef = A21BAD1F0C88C7FE00CFF974 /* Vorbis.framework */; };
/* End PBXBuildFile section */

/* Begin PBXCopyFilesBuildPhase section */
		8DD76F690486A84900D96B5E /* CopyFiles */ = {
			isa = PBXCopyFilesBuildPhase;
			buildActionMask = 8;
			dstPath = /usr/share/man/man1/;
			dstSubfolderSpec = 0;
			files = (
				8DD76F6A0486A84900D96B5E /* voip.1 in CopyFiles */,
			);
			runOnlyForDeploymentPostprocessing = 1;
		};
/* End PBXCopyFilesBuildPhase section */

/* Begin PBXFileReference section */
		8DD76F6C0486A84900D96B5E /* Voip Debug */ = {isa = PBXFileReference; explicitFileType = "compiled.mach-o.executable"; includeInIndex = 0; path = "Voip Debug"; sourceTree = BUILT_PRODUCTS_DIR; };
		A21BAD130C88C7BD00CFF974 /* VoIP.cpp */ = {isa = PBXFileReference; fileEncoding = 30; lastKnownFileType = sourcecode.cpp.cpp; name = VoIP.cpp; path = ../../voip/VoIP.cpp; sourceTree = SOURCE_ROOT; };
		A21BAD140C88C7BD00CFF974 /* Server.cpp */ = {isa = PBXFileReference; fileEncoding = 30; lastKnownFileType = sourcecode.cpp.cpp; name = Server.cpp; path = ../../voip/Server.cpp; sourceTree = SOURCE_ROOT; };
		A21BAD170C88C7C100CFF974 /* Client.cpp */ = {isa = PBXFileReference; fileEncoding = 30; lastKnownFileType = sourcecode.cpp.cpp; name = Client.cpp; path = ../../voip/Client.cpp; sourceTree = SOURCE_ROOT; };
		A21BAD1A0C88C7EB00CFF974 /* OpenAL.framework */ = {isa = PBXFileReference; lastKnownFileType = wrapper.framework; name = OpenAL.framework; path = /System/Library/Frameworks/OpenAL.framework; sourceTree = "<absolute>"; };
		A21BAD1E0C88C7FE00CFF974 /* Ogg.framework */ = {isa = PBXFileReference; lastKnownFileType = wrapper.framework; name = Ogg.framework; path = "../../../extlibs/libs-xcode/Ogg.framework"; sourceTree = SOURCE_ROOT; };
		A21BAD1F0C88C7FE00CFF974 /* Vorbis.framework */ = {isa = PBXFileReference; lastKnownFileType = wrapper.framework; name = Vorbis.framework; path = "../../../extlibs/libs-xcode/Vorbis.framework"; sourceTree = SOURCE_ROOT; };
		C6859E8B029090EE04C91782 /* voip.1 */ = {isa = PBXFileReference; lastKnownFileType = text.man; path = voip.1; sourceTree = "<group>"; };
/* End PBXFileReference section */

/* Begin PBXFrameworksBuildPhase section */
		8DD76F660486A84900D96B5E /* Frameworks */ = {
			isa = PBXFrameworksBuildPhase;
			buildActionMask = 2147483647;
			files = (
				A21BAD1B0C88C7EB00CFF974 /* OpenAL.framework in Frameworks */,
				A21BAD200C88C7FE00CFF974 /* Ogg.framework in Frameworks */,
				A21BAD210C88C7FE00CFF974 /* Vorbis.framework in Frameworks */,
			);
			runOnlyForDeploymentPostprocessing = 0;
		};
/* End PBXFrameworksBuildPhase section */

/* Begin PBXGroup section */
		08FB7794FE84155DC02AAC07 /* voip */ = {
			isa = PBXGroup;
			children = (
				08FB7795FE84155DC02AAC07 /* Source */,
				A21BAD190C88C7C500CFF974 /* External Frameworks and Libraries */,
				C6859E8C029090F304C91782 /* Documentation */,
				1AB674ADFE9D54B511CA2CBB /* Products */,
			);
			name = voip;
			sourceTree = "<group>";
		};
		08FB7795FE84155DC02AAC07 /* Source */ = {
			isa = PBXGroup;
			children = (
				A21BAD130C88C7BD00CFF974 /* VoIP.cpp */,
				A21BAD140C88C7BD00CFF974 /* Server.cpp */,
				A21BAD170C88C7C100CFF974 /* Client.cpp */,
			);
			name = Source;
			sourceTree = "<group>";
		};
		1AB674ADFE9D54B511CA2CBB /* Products */ = {
			isa = PBXGroup;
			children = (
				8DD76F6C0486A84900D96B5E /* Voip Debug */,
			);
			name = Products;
			sourceTree = "<group>";
		};
		A21BAD190C88C7C500CFF974 /* External Frameworks and Libraries */ = {
			isa = PBXGroup;
			children = (
				A21BAD1E0C88C7FE00CFF974 /* Ogg.framework */,
				A21BAD1F0C88C7FE00CFF974 /* Vorbis.framework */,
				A21BAD1A0C88C7EB00CFF974 /* OpenAL.framework */,
			);
			name = "External Frameworks and Libraries";
			sourceTree = "<group>";
		};
		C6859E8C029090F304C91782 /* Documentation */ = {
			isa = PBXGroup;
			children = (
				C6859E8B029090EE04C91782 /* voip.1 */,
			);
			name = Documentation;
			sourceTree = "<group>";
		};
/* End PBXGroup section */

/* Begin PBXNativeTarget section */
		8DD76F620486A84900D96B5E /* voip */ = {
			isa = PBXNativeTarget;
			buildConfigurationList = 1DEB923108733DC60010E9CD /* Build configuration list for PBXNativeTarget "voip" */;
			buildPhases = (
				8DD76F640486A84900D96B5E /* Sources */,
				8DD76F660486A84900D96B5E /* Frameworks */,
				8DD76F690486A84900D96B5E /* CopyFiles */,
			);
			buildRules = (
			);
			dependencies = (
			);
			name = voip;
			productInstallPath = "$(HOME)/bin";
			productName = voip;
			productReference = 8DD76F6C0486A84900D96B5E /* Voip Debug */;
			productType = "com.apple.product-type.tool";
		};
/* End PBXNativeTarget section */

/* Begin PBXProject section */
		08FB7793FE84155DC02AAC07 /* Project object */ = {
			isa = PBXProject;
			buildConfigurationList = 1DEB923508733DC60010E9CD /* Build configuration list for PBXProject "voip" */;
			hasScannedForEncodings = 1;
			mainGroup = 08FB7794FE84155DC02AAC07 /* voip */;
			projectDirPath = "";
			targets = (
				8DD76F620486A84900D96B5E /* voip */,
			);
		};
/* End PBXProject section */

/* Begin PBXSourcesBuildPhase section */
		8DD76F640486A84900D96B5E /* Sources */ = {
			isa = PBXSourcesBuildPhase;
			buildActionMask = 2147483647;
			files = (
				A21BAD150C88C7BD00CFF974 /* VoIP.cpp in Sources */,
				A21BAD160C88C7BD00CFF974 /* Server.cpp in Sources */,
				A21BAD180C88C7C100CFF974 /* Client.cpp in Sources */,
			);
			runOnlyForDeploymentPostprocessing = 0;
		};
/* End PBXSourcesBuildPhase section */

/* Begin XCBuildConfiguration section */
		1DEB923208733DC60010E9CD /* Debug */ = {
			isa = XCBuildConfiguration;
			buildSettings = {
				COPY_PHASE_STRIP = NO;
				FRAMEWORK_SEARCH_PATHS = "../../../extlibs/libs-xcode";
				FRAMEWORK_SEARCH_PATHS_QUOTED_1 = "\"$(SRCROOT)/../../../extlibs/libs-xcode\"";
				GCC_DYNAMIC_NO_PIC = NO;
				GCC_ENABLE_FIX_AND_CONTINUE = YES;
				GCC_MODEL_TUNING = G5;
				GCC_OPTIMIZATION_LEVEL = 0;
				INSTALL_PATH = "$(HOME)/bin";
				OTHER_LDFLAGS = (
					"../../../xcode/audio/build/Debug/sfml-audio-d.a",
					"../../../xcode/network/build/Debug/sfml-network-d.a",
					"../../../xcode/system/build/Debug/sfml-system-d.a",
				);
				PRODUCT_NAME = "Voip Debug";
				ZERO_LINK = NO;
			};
			name = Debug;
		};
		1DEB923308733DC60010E9CD /* Release */ = {
			isa = XCBuildConfiguration;
			buildSettings = {
				ARCHS = (
					ppc,
					i386,
				);
				FRAMEWORK_SEARCH_PATHS = "../../../extlibs/libs-xcode";
				FRAMEWORK_SEARCH_PATHS_QUOTED_1 = "\"$(SRCROOT)/../../../extlibs/libs-xcode\"";
				GCC_GENERATE_DEBUGGING_SYMBOLS = NO;
				GCC_MODEL_TUNING = G5;
				INSTALL_PATH = "$(HOME)/bin";
				OTHER_LDFLAGS = (
					"../../../xcode/audio/build/Release/sfml-audio.a",
					"../../../xcode/network/build/Release/sfml-network.a",
					"../../../xcode/system/build/Release/sfml-system.a",
				);
				PRODUCT_NAME = Voip;
			};
			name = Release;
		};
		1DEB923608733DC60010E9CD /* Debug */ = {
			isa = XCBuildConfiguration;
			buildSettings = {
				ARCHS = (
					ppc,
					i386,
				);
				GCC_WARN_ABOUT_RETURN_TYPE = YES;
				GCC_WARN_UNUSED_VARIABLE = YES;
				HEADER_SEARCH_PATHS = ../../../src;
				OTHER_LDFLAGS = "";
				PREBINDING = NO;
				SDKROOT = /Developer/SDKs/MacOSX10.4u.sdk;
			};
			name = Debug;
		};
		1DEB923708733DC60010E9CD /* Release */ = {
			isa = XCBuildConfiguration;
			buildSettings = {
				ARCHS = (
					ppc,
					i386,
				);
				GCC_WARN_ABOUT_RETURN_TYPE = YES;
				GCC_WARN_UNUSED_VARIABLE = YES;
				HEADER_SEARCH_PATHS = ../../../src;
				OTHER_LDFLAGS = "";
				PREBINDING = NO;
				SDKROOT = /Developer/SDKs/MacOSX10.4u.sdk;
			};
			name = Release;
		};
/* End XCBuildConfiguration section */

/* Begin XCConfigurationList section */
		1DEB923108733DC60010E9CD /* Build configuration list for PBXNativeTarget "voip" */ = {
			isa = XCConfigurationList;
			buildConfigurations = (
				1DEB923208733DC60010E9CD /* Debug */,
				1DEB923308733DC60010E9CD /* Release */,
			);
			defaultConfigurationIsVisible = 0;
			defaultConfigurationName = Release;
		};
		1DEB923508733DC60010E9CD /* Build configuration list for PBXProject "voip" */ = {
			isa = XCConfigurationList;
			buildConfigurations = (
				1DEB923608733DC60010E9CD /* Debug */,
				1DEB923708733DC60010E9CD /* Release */,
			);
			defaultConfigurationIsVisible = 0;
			defaultConfigurationName = Release;
		};
/* End XCConfigurationList section */
	};
	rootObject = 08FB7793FE84155DC02AAC07 /* Project object */;
}
